PODS:
  - Bolts (1.8.4):
    - Bolts/AppLinks (= 1.8.4)
    - Bolts/Tasks (= 1.8.4)
  - Bolts/AppLinks (1.8.4):
    - Bolts/Tasks
  - Bolts/Tasks (1.8.4)
  - Charts (3.0.4):
    - Charts/Core (= 3.0.4)
  - Charts/Core (3.0.4)
  - FBSDKCoreKit (4.28.0):
    - Bolts (~> 1.7)
  - FBSDKLoginKit (4.28.0):
    - FBSDKCoreKit
  - FBSDKShareKit (4.28.0):
    - FBSDKCoreKit
  - Haneke (1.0.2)
  - KeychainAccess (3.1.0)
  - Kinvey (3.11.0):
    - KeychainAccess (~> 3.0)
    - ObjectMapper (~> 3.0)
    - PromiseKit (~> 4.0)
    - PubNub (~> 4.0)
    - Realm (~> 3.0)
    - RealmSwift (~> 3.0)
    - XCGLogger (~> 6.0)
  - KinveyResearchKit (0.0.3):
    - Kinvey (~> 3.10)
    - ResearchKit (~> 1.5)
  - Material (2.12.17):
    - Material/Core (= 2.12.17)
  - Material/Core (2.12.17):
    - Motion (~> 1.2.5)
  - Motion (1.2.5):
    - Motion/Core (= 1.2.5)
  - Motion/Core (1.2.5)
  - ObjcExceptionBridging (1.0.1):
    - ObjcExceptionBridging/ObjcExceptionBridging (= 1.0.1)
  - ObjcExceptionBridging/ObjcExceptionBridging (1.0.1)
  - ObjectMapper (3.1.0)
  - PromiseKit (4.5.0):
    - PromiseKit/Foundation (= 4.5.0)
    - PromiseKit/QuartzCore (= 4.5.0)
    - PromiseKit/UIKit (= 4.5.0)
  - PromiseKit/CorePromise (4.5.0)
  - PromiseKit/Foundation (4.5.0):
    - PromiseKit/CorePromise
  - PromiseKit/QuartzCore (4.5.0):
    - PromiseKit/CorePromise
  - PromiseKit/UIKit (4.5.0):
    - PromiseKit/CorePromise
  - PubNub (4.7.4):
    - PubNub/Core (= 4.7.4)
  - PubNub/Core (4.7.4)
  - Realm (3.0.2):
    - Realm/Headers (= 3.0.2)
  - Realm/Headers (3.0.2)
  - RealmSwift (3.0.2):
    - Realm (= 3.0.2)
  - ResearchKit (1.5.2)
  - UIColor_Hex_Swift (3.0.2)
  - XCGLogger (6.0.1):
    - XCGLogger/Core (= 6.0.1)
  - XCGLogger/Core (6.0.1):
    - ObjcExceptionBridging
  - YouTubePlayer (0.4.0)

DEPENDENCIES:
  - Charts
  - FBSDKLoginKit
  - FBSDKShareKit
  - Haneke (~> 1.0)
  - Kinvey
  - KinveyResearchKit
  - Material (~> 2.0)
  - UIColor_Hex_Swift (~> 3.0)
  - YouTubePlayer

SPEC CHECKSUMS:
  Bolts: 8a7995239dbe724f9cba2248b766d48b7ebdd322
  Charts: 0705898046257443f0afbbc3179f4b67507b6e48
  FBSDKCoreKit: ca961e279113f691fd83dc634c0bbad9d4e3f370
  FBSDKLoginKit: b077381c27d800f21661757e8140cf2c80a91e4a
  FBSDKShareKit: 4f525556e0df4cf0f574cb3f01c675434f29d477
  Haneke: 01454a67322faa0dd9d81fc0f447885044e71521
  KeychainAccess: 94c5540b32eabf7bc32bfb976a268e8ea05fd6da
  Kinvey: c0fe2cd105625c349aec1fe1bab67ceb10a0c1b0
  KinveyResearchKit: a930b27b1111a034206c087b3cc73d8ec06bbbc0
  Material: 5efae18f40ebf40baa2c252086d4646849ee7118
  Motion: 88a8bee21926af792333f4b9e7170f710e9e48f3
  ObjcExceptionBridging: c30e00eb3700467e695faeea30e26e18bd445001
  ObjectMapper: 20505058f54e5c3ca69e1d6de9897d152a5369a6
  PromiseKit: 9c1d9f6d7b65e3951a90bea7f407c56972be5d8e
  PubNub: de3a84200472d2fadfc7cf79622444a837a24b42
  Realm: 6f23fd1f178a09342eac21bfa7c2bf4312a7a180
  RealmSwift: 695393add1b8f9d5fa75dd16e6355cf3935f71e2
  ResearchKit: a5770681dd61afddd3d1f24d232b9abf00cba454
  UIColor_Hex_Swift: 95f718452092a3efc8a827dffd2c04d3237be02d
  XCGLogger: b4ca980580108cfeaf221afe158f5d89c1be22e0
  YouTubePlayer: 028451f6772f372d4759866db99824c676ac1473

PODFILE CHECKSUM: 901f5e09710cb13e58fab72a144a07b1f2a55304

COCOAPODS: 1.4.0.beta.2
